
Microsoft Visual Studio Solution File, Format Version 12.00
# Visual Studio 15
VisualStudioVersion = 15.0.26730.8
MinimumVisualStudioVersion = 10.0.40219.1
Project("{FAE04EC0-301F-11D3-BF4B-00C04F79EFBC}") = "kanban", "kanban\kanban.csproj", "{46C3BE2B-49A1-4D41-B0AE-B6CFD94028C6}"
EndProject
Global
	GlobalSection(SolutionConfigurationPlatforms) = preSolution
		Debug|Any CPU = Debug|Any CPU
		Release|Any CPU = Release|Any CPU
	EndGlobalSection
	GlobalSection(ProjectConfigurationPlatforms) = postSolution
		{46C3BE2B-49A1-4D41-B0AE-B6CFD94028C6}.Debug|Any CPU.ActiveCfg = Debug|Any CPU
		{46C3BE2B-49A1-4D41-B0AE-B6CFD94028C6}.Debug|Any CPU.Build.0 = Debug|Any CPU
		{46C3BE2B-49A1-4D41-B0AE-B6CFD94028C6}.Release|Any CPU.ActiveCfg = Release|Any CPU
		{46C3BE2B-49A1-4D41-B0AE-B6CFD94028C6}.Release|Any CPU.Build.0 = Release|Any CPU
	EndGlobalSection
	GlobalSection(SolutionProperties) = preSolution
		HideSolutionNode = FALSE
	EndGlobalSection
	GlobalSection(ExtensibilityGlobals) = postSolution
		SolutionGuid = {0B48E18E-344D-49BD-9673-52103B2E2A9B}
	EndGlobalSection
EndGlobal
